
Microsoft Visual Studio Solution File, Format Version 12.00
# Visual Studio 2012
Project("{8BC9CEB8-8B4A-11D0-8D11-00A0C91BC942}") = "OpenglTest", "OpenglTest\OpenglTest.vcxproj", "{45954A96-6A44-4918-8A01-42864044CA6F}"
EndProject
Project("{8BC9CEB8-8B4A-11D0-8D11-00A0C91BC942}") = "HelloWindow", "HelloWindow\HelloWindow.vcxproj", "{23C2F956-D255-47DC-9F14-DC822D5CF7A7}"
EndProject
Project("{8BC9CEB8-8B4A-11D0-8D11-00A0C91BC942}") = "HelloTriangle", "HelloTriangle\HelloTriangle.vcxproj", "{F94C0E51-5133-4875-AE20-44F17DB4C947}"
EndProject
Project("{8BC9CEB8-8B4A-11D0-8D11-00A0C91BC942}") = "Shader", "Shader\Shader.vcxproj", "{9F1E83F0-D588-481B-A20C-B2245A7E1664}"
EndProject
Project("{8BC9CEB8-8B4A-11D0-8D11-00A0C91BC942}") = "Textures", "Textures\Textures.vcxproj", "{F0663F10-CE43-4062-9D2A-6768A361A412}"
EndProject
Project("{8BC9CEB8-8B4A-11D0-8D11-00A0C91BC942}") = "CoordinateAndCamera", "CoordinateAndCamera\CoordinateAndCamera.vcxproj", "{F60B84ED-C87D-4FD1-A87A-F980D5E51CC0}"
EndProject
Project("{8BC9CEB8-8B4A-11D0-8D11-00A0C91BC942}") = "Colors", "Colors\Colors.vcxproj", "{D13FDD49-2C7B-4634-8FB2-F1D3A266B8E7}"
EndProject
Project("{8BC9CEB8-8B4A-11D0-8D11-00A0C91BC942}") = "LightingMaps", "LightingMaps\LightingMaps.vcxproj", "{3AB7C263-7AA0-4696-ADCD-457265440228}"
EndProject
Project("{8BC9CEB8-8B4A-11D0-8D11-00A0C91BC942}") = "LightingCaster", "LightingCaster\LightingCaster.vcxproj", "{899A9674-C03F-4D7E-8149-943D009D0C9A}"
EndProject
Project("{8BC9CEB8-8B4A-11D0-8D11-00A0C91BC942}") = "MultipleLights", "MultipleLights\MultipleLights.vcxproj", "{721DBB6A-5B5D-495C-9D46-354C0C003E7D}"
EndProject
Project("{8BC9CEB8-8B4A-11D0-8D11-00A0C91BC942}") = "ModelLoader", "ModelLoader\ModelLoader.vcxproj", "{B8C6EC40-10C6-4ED3-BCD2-9D01B933B595}"
EndProject
Project("{8BC9CEB8-8B4A-11D0-8D11-00A0C91BC942}") = "StencilTest", "StencilTest\StencilTest.vcxproj", "{DDEA523C-7DE7-410D-A74E-70A7E4727838}"
EndProject
Project("{8BC9CEB8-8B4A-11D0-8D11-00A0C91BC942}") = "Cubemaps", "Cubemaps\Cubemaps.vcxproj", "{FB8551DA-4D4D-4323-96A7-A320EA90656B}"
EndProject
Project("{8BC9CEB8-8B4A-11D0-8D11-00A0C91BC942}") = "AdvancedGLSL", "AdvancedGLSL\AdvancedGLSL.vcxproj", "{785293CA-4ECF-4B33-946B-1D055571E38E}"
EndProject
Project("{8BC9CEB8-8B4A-11D0-8D11-00A0C91BC942}") = "GeometryShader", "GeometryShader\GeometryShader.vcxproj", "{2823B251-380C-49DA-878C-4E2191293F99}"
EndProject
Project("{8BC9CEB8-8B4A-11D0-8D11-00A0C91BC942}") = "Instancing", "Instancing\Instancing.vcxproj", "{03E2660F-9281-4EBD-A8EB-B876D18BC7CF}"
EndProject
Global
	GlobalSection(SolutionConfigurationPlatforms) = preSolution
		Debug|Win32 = Debug|Win32
		Release|Win32 = Release|Win32
	EndGlobalSection
	GlobalSection(ProjectConfigurationPlatforms) = postSolution
		{45954A96-6A44-4918-8A01-42864044CA6F}.Debug|Win32.ActiveCfg = Debug|Win32
		{45954A96-6A44-4918-8A01-42864044CA6F}.Debug|Win32.Build.0 = Debug|Win32
		{45954A96-6A44-4918-8A01-42864044CA6F}.Release|Win32.ActiveCfg = Release|Win32
		{45954A96-6A44-4918-8A01-42864044CA6F}.Release|Win32.Build.0 = Release|Win32
		{23C2F956-D255-47DC-9F14-DC822D5CF7A7}.Debug|Win32.ActiveCfg = Debug|Win32
		{23C2F956-D255-47DC-9F14-DC822D5CF7A7}.Debug|Win32.Build.0 = Debug|Win32
		{23C2F956-D255-47DC-9F14-DC822D5CF7A7}.Release|Win32.ActiveCfg = Release|Win32
		{23C2F956-D255-47DC-9F14-DC822D5CF7A7}.Release|Win32.Build.0 = Release|Win32
		{F94C0E51-5133-4875-AE20-44F17DB4C947}.Debug|Win32.ActiveCfg = Debug|Win32
		{F94C0E51-5133-4875-AE20-44F17DB4C947}.Debug|Win32.Build.0 = Debug|Win32
		{F94C0E51-5133-4875-AE20-44F17DB4C947}.Release|Win32.ActiveCfg = Release|Win32
		{F94C0E51-5133-4875-AE20-44F17DB4C947}.Release|Win32.Build.0 = Release|Win32
		{9F1E83F0-D588-481B-A20C-B2245A7E1664}.Debug|Win32.ActiveCfg = Debug|Win32
		{9F1E83F0-D588-481B-A20C-B2245A7E1664}.Debug|Win32.Build.0 = Debug|Win32
		{9F1E83F0-D588-481B-A20C-B2245A7E1664}.Release|Win32.ActiveCfg = Release|Win32
		{9F1E83F0-D588-481B-A20C-B2245A7E1664}.Release|Win32.Build.0 = Release|Win32
		{F0663F10-CE43-4062-9D2A-6768A361A412}.Debug|Win32.ActiveCfg = Debug|Win32
		{F0663F10-CE43-4062-9D2A-6768A361A412}.Debug|Win32.Build.0 = Debug|Win32
		{F0663F10-CE43-4062-9D2A-6768A361A412}.Release|Win32.ActiveCfg = Release|Win32
		{F0663F10-CE43-4062-9D2A-6768A361A412}.Release|Win32.Build.0 = Release|Win32
		{F60B84ED-C87D-4FD1-A87A-F980D5E51CC0}.Debug|Win32.ActiveCfg = Debug|Win32
		{F60B84ED-C87D-4FD1-A87A-F980D5E51CC0}.Debug|Win32.Build.0 = Debug|Win32
		{F60B84ED-C87D-4FD1-A87A-F980D5E51CC0}.Release|Win32.ActiveCfg = Release|Win32
		{F60B84ED-C87D-4FD1-A87A-F980D5E51CC0}.Release|Win32.Build.0 = Release|Win32
		{D13FDD49-2C7B-4634-8FB2-F1D3A266B8E7}.Debug|Win32.ActiveCfg = Debug|Win32
		{D13FDD49-2C7B-4634-8FB2-F1D3A266B8E7}.Debug|Win32.Build.0 = Debug|Win32
		{D13FDD49-2C7B-4634-8FB2-F1D3A266B8E7}.Release|Win32.ActiveCfg = Release|Win32
		{D13FDD49-2C7B-4634-8FB2-F1D3A266B8E7}.Release|Win32.Build.0 = Release|Win32
		{3AB7C263-7AA0-4696-ADCD-457265440228}.Debug|Win32.ActiveCfg = Debug|Win32
		{3AB7C263-7AA0-4696-ADCD-457265440228}.Debug|Win32.Build.0 = Debug|Win32
		{3AB7C263-7AA0-4696-ADCD-457265440228}.Release|Win32.ActiveCfg = Release|Win32
		{3AB7C263-7AA0-4696-ADCD-457265440228}.Release|Win32.Build.0 = Release|Win32
		{899A9674-C03F-4D7E-8149-943D009D0C9A}.Debug|Win32.ActiveCfg = Debug|Win32
		{899A9674-C03F-4D7E-8149-943D009D0C9A}.Debug|Win32.Build.0 = Debug|Win32
		{899A9674-C03F-4D7E-8149-943D009D0C9A}.Release|Win32.ActiveCfg = Release|Win32
		{899A9674-C03F-4D7E-8149-943D009D0C9A}.Release|Win32.Build.0 = Release|Win32
		{721DBB6A-5B5D-495C-9D46-354C0C003E7D}.Debug|Win32.ActiveCfg = Debug|Win32
		{721DBB6A-5B5D-495C-9D46-354C0C003E7D}.Debug|Win32.Build.0 = Debug|Win32
		{721DBB6A-5B5D-495C-9D46-354C0C003E7D}.Release|Win32.ActiveCfg = Release|Win32
		{721DBB6A-5B5D-495C-9D46-354C0C003E7D}.Release|Win32.Build.0 = Release|Win32
		{B8C6EC40-10C6-4ED3-BCD2-9D01B933B595}.Debug|Win32.ActiveCfg = Debug|Win32
		{B8C6EC40-10C6-4ED3-BCD2-9D01B933B595}.Debug|Win32.Build.0 = Debug|Win32
		{B8C6EC40-10C6-4ED3-BCD2-9D01B933B595}.Release|Win32.ActiveCfg = Release|Win32
		{B8C6EC40-10C6-4ED3-BCD2-9D01B933B595}.Release|Win32.Build.0 = Release|Win32
		{DDEA523C-7DE7-410D-A74E-70A7E4727838}.Debug|Win32.ActiveCfg = Debug|Win32
		{DDEA523C-7DE7-410D-A74E-70A7E4727838}.Debug|Win32.Build.0 = Debug|Win32
		{DDEA523C-7DE7-410D-A74E-70A7E4727838}.Release|Win32.ActiveCfg = Release|Win32
		{DDEA523C-7DE7-410D-A74E-70A7E4727838}.Release|Win32.Build.0 = Release|Win32
		{FB8551DA-4D4D-4323-96A7-A320EA90656B}.Debug|Win32.ActiveCfg = Debug|Win32
		{FB8551DA-4D4D-4323-96A7-A320EA90656B}.Debug|Win32.Build.0 = Debug|Win32
		{FB8551DA-4D4D-4323-96A7-A320EA90656B}.Release|Win32.ActiveCfg = Release|Win32
		{FB8551DA-4D4D-4323-96A7-A320EA90656B}.Release|Win32.Build.0 = Release|Win32
		{785293CA-4ECF-4B33-946B-1D055571E38E}.Debug|Win32.ActiveCfg = Debug|Win32
		{785293CA-4ECF-4B33-946B-1D055571E38E}.Debug|Win32.Build.0 = Debug|Win32
		{785293CA-4ECF-4B33-946B-1D055571E38E}.Release|Win32.ActiveCfg = Release|Win32
		{785293CA-4ECF-4B33-946B-1D055571E38E}.Release|Win32.Build.0 = Release|Win32
		{2823B251-380C-49DA-878C-4E2191293F99}.Debug|Win32.ActiveCfg = Debug|Win32
		{2823B251-380C-49DA-878C-4E2191293F99}.Debug|Win32.Build.0 = Debug|Win32
		{2823B251-380C-49DA-878C-4E2191293F99}.Release|Win32.ActiveCfg = Release|Win32
		{2823B251-380C-49DA-878C-4E2191293F99}.Release|Win32.Build.0 = Release|Win32
		{03E2660F-9281-4EBD-A8EB-B876D18BC7CF}.Debug|Win32.ActiveCfg = Debug|Win32
		{03E2660F-9281-4EBD-A8EB-B876D18BC7CF}.Debug|Win32.Build.0 = Debug|Win32
		{03E2660F-9281-4EBD-A8EB-B876D18BC7CF}.Release|Win32.ActiveCfg = Release|Win32
		{03E2660F-9281-4EBD-A8EB-B876D18BC7CF}.Release|Win32.Build.0 = Release|Win32
	EndGlobalSection
	GlobalSection(SolutionProperties) = preSolution
		HideSolutionNode = FALSE
	EndGlobalSection
EndGlobal
